// !$*UTF8*$!
{
	archiveVersion = 1;
	classes = {
	};
	objectVersion = 46;
	objects = {

/* Begin PBXBuildFile section */
		48613B671F0C95FE004C717B /* MapStudentLocationViewController.swift in Sources */ = {isa = PBXBuildFile; fileRef = 48613B661F0C95FE004C717B /* MapStudentLocationViewController.swift */; };
		48613B691F0FEAF1004C717B /* User.swift in Sources */ = {isa = PBXBuildFile; fileRef = 48613B681F0FEAF1004C717B /* User.swift */; };
		488160E81F0B5CCE005E32EA /* AddLocationViewController.swift in Sources */ = {isa = PBXBuildFile; fileRef = 488160E71F0B5CCE005E32EA /* AddLocationViewController.swift */; };
		489FDE371EFD6F7700686431 /* AppDelegate.swift in Sources */ = {isa = PBXBuildFile; fileRef = 489FDE361EFD6F7700686431 /* AppDelegate.swift */; };
		489FDE391EFD6F7700686431 /* MapViewController.swift in Sources */ = {isa = PBXBuildFile; fileRef = 489FDE381EFD6F7700686431 /* MapViewController.swift */; };
		489FDE3B1EFD6F7700686431 /* ListViewController.swift in Sources */ = {isa = PBXBuildFile; fileRef = 489FDE3A1EFD6F7700686431 /* ListViewController.swift */; };
		489FDE3E1EFD6F7700686431 /* Main.storyboard in Resources */ = {isa = PBXBuildFile; fileRef = 489FDE3C1EFD6F7700686431 /* Main.storyboard */; };
		489FDE401EFD6F7700686431 /* Assets.xcassets in Resources */ = {isa = PBXBuildFile; fileRef = 489FDE3F1EFD6F7700686431 /* Assets.xcassets */; };
		489FDE431EFD6F7700686431 /* LaunchScreen.storyboard in Resources */ = {isa = PBXBuildFile; fileRef = 489FDE411EFD6F7700686431 /* LaunchScreen.storyboard */; };
		489FDE4E1EFD6F7700686431 /* OnTheMapTests.swift in Sources */ = {isa = PBXBuildFile; fileRef = 489FDE4D1EFD6F7700686431 /* OnTheMapTests.swift */; };
		489FDE591EFD6F7700686431 /* OnTheMapUITests.swift in Sources */ = {isa = PBXBuildFile; fileRef = 489FDE581EFD6F7700686431 /* OnTheMapUITests.swift */; };
		489FDE681EFD7A1800686431 /* LoginViewController.swift in Sources */ = {isa = PBXBuildFile; fileRef = 489FDE671EFD7A1800686431 /* LoginViewController.swift */; };
		489FDE6F1EFEB86600686431 /* OnTheMapClient.swift in Sources */ = {isa = PBXBuildFile; fileRef = 489FDE6E1EFEB86600686431 /* OnTheMapClient.swift */; };
		489FDE711EFEB90800686431 /* OnTheMapConstants.swift in Sources */ = {isa = PBXBuildFile; fileRef = 489FDE701EFEB90800686431 /* OnTheMapConstants.swift */; };
		489FDE731EFFD16500686431 /* GCDBlackBox.swift in Sources */ = {isa = PBXBuildFile; fileRef = 489FDE721EFFD16500686431 /* GCDBlackBox.swift */; };
		489FDE761EFFFDFA00686431 /* OnTheMap.swift in Sources */ = {isa = PBXBuildFile; fileRef = 489FDE751EFFFDFA00686431 /* OnTheMap.swift */; };
		489FDE781F003D2A00686431 /* OnTheMapClientExtension.swift in Sources */ = {isa = PBXBuildFile; fileRef = 489FDE771F003D2A00686431 /* OnTheMapClientExtension.swift */; };
		489FDE7A1F016E3C00686431 /* TabBarController.swift in Sources */ = {isa = PBXBuildFile; fileRef = 489FDE791F016E3C00686431 /* TabBarController.swift */; };
		489FDE7C1F02ADBC00686431 /* StudentLocation.swift in Sources */ = {isa = PBXBuildFile; fileRef = 489FDE7B1F02ADBC00686431 /* StudentLocation.swift */; };
		489FDE811F07AF8500686431 /* Resource.swift in Sources */ = {isa = PBXBuildFile; fileRef = 489FDE801F07AF8500686431 /* Resource.swift */; };
/* End PBXBuildFile section */

/* Begin PBXContainerItemProxy section */
		489FDE4A1EFD6F7700686431 /* PBXContainerItemProxy */ = {
			isa = PBXContainerItemProxy;
			containerPortal = 489FDE2B1EFD6F7700686431 /* Project object */;
			proxyType = 1;
			remoteGlobalIDString = 489FDE321EFD6F7700686431;
			remoteInfo = OnTheMap;
		};
		489FDE551EFD6F7700686431 /* PBXContainerItemProxy */ = {
			isa = PBXContainerItemProxy;
			containerPortal = 489FDE2B1EFD6F7700686431 /* Project object */;
			proxyType = 1;
			remoteGlobalIDString = 489FDE321EFD6F7700686431;
			remoteInfo = OnTheMap;
		};
/* End PBXContainerItemProxy section */

/* Begin PBXFileReference section */
		48613B661F0C95FE004C717B /* MapStudentLocationViewController.swift */ = {isa = PBXFileReference; fileEncoding = 4; lastKnownFileType = sourcecode.swift; path = MapStudentLocationViewController.swift; sourceTree = "<group>"; };
		48613B681F0FEAF1004C717B /* User.swift */ = {isa = PBXFileReference; fileEncoding = 4; lastKnownFileType = sourcecode.swift; path = User.swift; sourceTree = "<group>"; };
		488160E71F0B5CCE005E32EA /* AddLocationViewController.swift */ = {isa = PBXFileReference; fileEncoding = 4; lastKnownFileType = sourcecode.swift; path = AddLocationViewController.swift; sourceTree = "<group>"; };
		489FDE331EFD6F7700686431 /* OnTheMap.app */ = {isa = PBXFileReference; explicitFileType = wrapper.application; includeInIndex = 0; path = OnTheMap.app; sourceTree = BUILT_PRODUCTS_DIR; };
		489FDE361EFD6F7700686431 /* AppDelegate.swift */ = {isa = PBXFileReference; lastKnownFileType = sourcecode.swift; path = AppDelegate.swift; sourceTree = "<group>"; };
		489FDE381EFD6F7700686431 /* MapViewController.swift */ = {isa = PBXFileReference; lastKnownFileType = sourcecode.swift; path = MapViewController.swift; sourceTree = "<group>"; };
		489FDE3A1EFD6F7700686431 /* ListViewController.swift */ = {isa = PBXFileReference; lastKnownFileType = sourcecode.swift; path = ListViewController.swift; sourceTree = "<group>"; };
		489FDE3D1EFD6F7700686431 /* Base */ = {isa = PBXFileReference; lastKnownFileType = file.storyboard; name = Base; path = Base.lproj/Main.storyboard; sourceTree = "<group>"; };
		489FDE3F1EFD6F7700686431 /* Assets.xcassets */ = {isa = PBXFileReference; lastKnownFileType = folder.assetcatalog; path = Assets.xcassets; sourceTree = "<group>"; };
		489FDE421EFD6F7700686431 /* Base */ = {isa = PBXFileReference; lastKnownFileType = file.storyboard; name = Base; path = Base.lproj/LaunchScreen.storyboard; sourceTree = "<group>"; };
		489FDE441EFD6F7700686431 /* Info.plist */ = {isa = PBXFileReference; lastKnownFileType = text.plist.xml; path = Info.plist; sourceTree = "<group>"; };
		489FDE491EFD6F7700686431 /* OnTheMapTests.xctest */ = {isa = PBXFileReference; explicitFileType = wrapper.cfbundle; includeInIndex = 0; path = OnTheMapTests.xctest; sourceTree = BUILT_PRODUCTS_DIR; };
		489FDE4D1EFD6F7700686431 /* OnTheMapTests.swift */ = {isa = PBXFileReference; lastKnownFileType = sourcecode.swift; path = OnTheMapTests.swift; sourceTree = "<group>"; };
		489FDE4F1EFD6F7700686431 /* Info.plist */ = {isa = PBXFileReference; lastKnownFileType = text.plist.xml; path = Info.plist; sourceTree = "<group>"; };
		489FDE541EFD6F7700686431 /* OnTheMapUITests.xctest */ = {isa = PBXFileReference; explicitFileType = wrapper.cfbundle; includeInIndex = 0; path = OnTheMapUITests.xctest; sourceTree = BUILT_PRODUCTS_DIR; };
		489FDE581EFD6F7700686431 /* OnTheMapUITests.swift */ = {isa = PBXFileReference; lastKnownFileType = sourcecode.swift; path = OnTheMapUITests.swift; sourceTree = "<group>"; };
		489FDE5A1EFD6F7700686431 /* Info.plist */ = {isa = PBXFileReference; lastKnownFileType = text.plist.xml; path = Info.plist; sourceTree = "<group>"; };
		489FDE671EFD7A1800686431 /* LoginViewController.swift */ = {isa = PBXFileReference; fileEncoding = 4; lastKnownFileType = sourcecode.swift; path = LoginViewController.swift; sourceTree = "<group>"; };
		489FDE6E1EFEB86600686431 /* OnTheMapClient.swift */ = {isa = PBXFileReference; fileEncoding = 4; lastKnownFileType = sourcecode.swift; path = OnTheMapClient.swift; sourceTree = "<group>"; };
		489FDE701EFEB90800686431 /* OnTheMapConstants.swift */ = {isa = PBXFileReference; fileEncoding = 4; lastKnownFileType = sourcecode.swift; path = OnTheMapConstants.swift; sourceTree = "<group>"; };
		489FDE721EFFD16500686431 /* GCDBlackBox.swift */ = {isa = PBXFileReference; fileEncoding = 4; lastKnownFileType = sourcecode.swift; path = GCDBlackBox.swift; sourceTree = "<group>"; };
		489FDE751EFFFDFA00686431 /* OnTheMap.swift */ = {isa = PBXFileReference; fileEncoding = 4; lastKnownFileType = sourcecode.swift; path = OnTheMap.swift; sourceTree = "<group>"; };
		489FDE771F003D2A00686431 /* OnTheMapClientExtension.swift */ = {isa = PBXFileReference; fileEncoding = 4; lastKnownFileType = sourcecode.swift; path = OnTheMapClientExtension.swift; sourceTree = "<group>"; };
		489FDE791F016E3C00686431 /* TabBarController.swift */ = {isa = PBXFileReference; fileEncoding = 4; lastKnownFileType = sourcecode.swift; path = TabBarController.swift; sourceTree = "<group>"; };
		489FDE7B1F02ADBC00686431 /* StudentLocation.swift */ = {isa = PBXFileReference; fileEncoding = 4; lastKnownFileType = sourcecode.swift; path = StudentLocation.swift; sourceTree = "<group>"; };
		489FDE801F07AF8500686431 /* Resource.swift */ = {isa = PBXFileReference; fileEncoding = 4; lastKnownFileType = sourcecode.swift; path = Resource.swift; sourceTree = "<group>"; };
/* End PBXFileReference section */

/* Begin PBXFrameworksBuildPhase section */
		489FDE301EFD6F7700686431 /* Frameworks */ = {
			isa = PBXFrameworksBuildPhase;
			buildActionMask = 2147483647;
			files = (
			);
			runOnlyForDeploymentPostprocessing = 0;
		};
		489FDE461EFD6F7700686431 /* Frameworks */ = {
			isa = PBXFrameworksBuildPhase;
			buildActionMask = 2147483647;
			files = (
			);
			runOnlyForDeploymentPostprocessing = 0;
		};
		489FDE511EFD6F7700686431 /* Frameworks */ = {
			isa = PBXFrameworksBuildPhase;
			buildActionMask = 2147483647;
			files = (
			);
			runOnlyForDeploymentPostprocessing = 0;
		};
/* End PBXFrameworksBuildPhase section */

/* Begin PBXGroup section */
		489FDE2A1EFD6F7700686431 = {
			isa = PBXGroup;
			children = (
				489FDE351EFD6F7700686431 /* OnTheMap */,
				489FDE4C1EFD6F7700686431 /* OnTheMapTests */,
				489FDE571EFD6F7700686431 /* OnTheMapUITests */,
				489FDE341EFD6F7700686431 /* Products */,
			);
			sourceTree = "<group>";
		};
		489FDE341EFD6F7700686431 /* Products */ = {
			isa = PBXGroup;
			children = (
				489FDE331EFD6F7700686431 /* OnTheMap.app */,
				489FDE491EFD6F7700686431 /* OnTheMapTests.xctest */,
				489FDE541EFD6F7700686431 /* OnTheMapUITests.xctest */,
			);
			name = Products;
			sourceTree = "<group>";
		};
		489FDE351EFD6F7700686431 /* OnTheMap */ = {
			isa = PBXGroup;
			children = (
				489FDE7F1F07AF5800686431 /* Networking */,
				489FDE741EFFFDE300686431 /* Model */,
				489FDE6D1EFEB82A00686431 /* Client */,
				489FDE6C1EFEB7E100686431 /* SupportingFiles */,
				489FDE6B1EFEB7A900686431 /* Assets */,
				489FDE661EFD78E800686431 /* Controller */,
				489FDE361EFD6F7700686431 /* AppDelegate.swift */,
				489FDE721EFFD16500686431 /* GCDBlackBox.swift */,
			);
			path = OnTheMap;
			sourceTree = "<group>";
		};
		489FDE4C1EFD6F7700686431 /* OnTheMapTests */ = {
			isa = PBXGroup;
			children = (
				489FDE4D1EFD6F7700686431 /* OnTheMapTests.swift */,
				489FDE4F1EFD6F7700686431 /* Info.plist */,
			);
			path = OnTheMapTests;
			sourceTree = "<group>";
		};
		489FDE571EFD6F7700686431 /* OnTheMapUITests */ = {
			isa = PBXGroup;
			children = (
				489FDE581EFD6F7700686431 /* OnTheMapUITests.swift */,
				489FDE5A1EFD6F7700686431 /* Info.plist */,
			);
			path = OnTheMapUITests;
			sourceTree = "<group>";
		};
		489FDE661EFD78E800686431 /* Controller */ = {
			isa = PBXGroup;
			children = (
				489FDE381EFD6F7700686431 /* MapViewController.swift */,
				489FDE3A1EFD6F7700686431 /* ListViewController.swift */,
				489FDE671EFD7A1800686431 /* LoginViewController.swift */,
				489FDE791F016E3C00686431 /* TabBarController.swift */,
				488160E71F0B5CCE005E32EA /* AddLocationViewController.swift */,
				48613B661F0C95FE004C717B /* MapStudentLocationViewController.swift */,
			);
			name = Controller;
			sourceTree = "<group>";
		};
		489FDE6B1EFEB7A900686431 /* Assets */ = {
			isa = PBXGroup;
			children = (
				489FDE3C1EFD6F7700686431 /* Main.storyboard */,
				489FDE411EFD6F7700686431 /* LaunchScreen.storyboard */,
				489FDE3F1EFD6F7700686431 /* Assets.xcassets */,
			);
			name = Assets;
			sourceTree = "<group>";
		};
		489FDE6C1EFEB7E100686431 /* SupportingFiles */ = {
			isa = PBXGroup;
			children = (
				489FDE441EFD6F7700686431 /* Info.plist */,
			);
			name = SupportingFiles;
			sourceTree = "<group>";
		};
		489FDE6D1EFEB82A00686431 /* Client */ = {
			isa = PBXGroup;
			children = (
				489FDE6E1EFEB86600686431 /* OnTheMapClient.swift */,
				489FDE701EFEB90800686431 /* OnTheMapConstants.swift */,
				489FDE771F003D2A00686431 /* OnTheMapClientExtension.swift */,
			);
			name = Client;
			sourceTree = "<group>";
		};
		489FDE741EFFFDE300686431 /* Model */ = {
			isa = PBXGroup;
			children = (
				489FDE751EFFFDFA00686431 /* OnTheMap.swift */,
				489FDE7B1F02ADBC00686431 /* StudentLocation.swift */,
				48613B681F0FEAF1004C717B /* User.swift */,
			);
			name = Model;
			sourceTree = "<group>";
		};
		489FDE7F1F07AF5800686431 /* Networking */ = {
			isa = PBXGroup;
			children = (
				489FDE801F07AF8500686431 /* Resource.swift */,
			);
			name = Networking;
			sourceTree = "<group>";
		};
/* End PBXGroup section */

/* Begin PBXNativeTarget section */
		489FDE321EFD6F7700686431 /* OnTheMap */ = {
			isa = PBXNativeTarget;
			buildConfigurationList = 489FDE5D1EFD6F7700686431 /* Build configuration list for PBXNativeTarget "OnTheMap" */;
			buildPhases = (
				489FDE2F1EFD6F7700686431 /* Sources */,
				489FDE301EFD6F7700686431 /* Frameworks */,
				489FDE311EFD6F7700686431 /* Resources */,
			);
			buildRules = (
			);
			dependencies = (
			);
			name = OnTheMap;
			productName = OnTheMap;
			productReference = 489FDE331EFD6F7700686431 /* OnTheMap.app */;
			productType = "com.apple.product-type.application";
		};
		489FDE481EFD6F7700686431 /* OnTheMapTests */ = {
			isa = PBXNativeTarget;
			buildConfigurationList = 489FDE601EFD6F7700686431 /* Build configuration list for PBXNativeTarget "OnTheMapTests" */;
			buildPhases = (
				489FDE451EFD6F7700686431 /* Sources */,
				489FDE461EFD6F7700686431 /* Frameworks */,
				489FDE471EFD6F7700686431 /* Resources */,
			);
			buildRules = (
			);
			dependencies = (
				489FDE4B1EFD6F7700686431 /* PBXTargetDependency */,
			);
			name = OnTheMapTests;
			productName = OnTheMapTests;
			productReference = 489FDE491EFD6F7700686431 /* OnTheMapTests.xctest */;
			productType = "com.apple.product-type.bundle.unit-test";
		};
		489FDE531EFD6F7700686431 /* OnTheMapUITests */ = {
			isa = PBXNativeTarget;
			buildConfigurationList = 489FDE631EFD6F7700686431 /* Build configuration list for PBXNativeTarget "OnTheMapUITests" */;
			buildPhases = (
				489FDE501EFD6F7700686431 /* Sources */,
				489FDE511EFD6F7700686431 /* Frameworks */,
				489FDE521EFD6F7700686431 /* Resources */,
			);
			buildRules = (
			);
			dependencies = (
				489FDE561EFD6F7700686431 /* PBXTargetDependency */,
			);
			name = OnTheMapUITests;
			productName = OnTheMapUITests;
			productReference = 489FDE541EFD6F7700686431 /* OnTheMapUITests.xctest */;
			productType = "com.apple.product-type.bundle.ui-testing";
		};
/* End PBXNativeTarget section */

/* Begin PBXProject section */
		489FDE2B1EFD6F7700686431 /* Project object */ = {
			isa = PBXProject;
			attributes = {
				LastSwiftUpdateCheck = 0830;
				LastUpgradeCheck = 0830;
				ORGANIZATIONNAME = "Sujay Bhowmick";
				TargetAttributes = {
					489FDE321EFD6F7700686431 = {
						CreatedOnToolsVersion = 8.3.3;
						DevelopmentTeam = 4XL3CX888E;
						ProvisioningStyle = Automatic;
					};
					489FDE481EFD6F7700686431 = {
						CreatedOnToolsVersion = 8.3.3;
						DevelopmentTeam = 4XL3CX888E;
						ProvisioningStyle = Automatic;
						TestTargetID = 489FDE321EFD6F7700686431;
					};
					489FDE531EFD6F7700686431 = {
						CreatedOnToolsVersion = 8.3.3;
						DevelopmentTeam = 4XL3CX888E;
						ProvisioningStyle = Automatic;
						TestTargetID = 489FDE321EFD6F7700686431;
					};
				};
			};
			buildConfigurationList = 489FDE2E1EFD6F7700686431 /* Build configuration list for PBXProject "OnTheMap" */;
			compatibilityVersion = "Xcode 3.2";
			developmentRegion = English;
			hasScannedForEncodings = 0;
			knownRegions = (
				en,
				Base,
			);
			mainGroup = 489FDE2A1EFD6F7700686431;
			productRefGroup = 489FDE341EFD6F7700686431 /* Products */;
			projectDirPath = "";
			projectRoot = "";
			targets = (
				489FDE321EFD6F7700686431 /* OnTheMap */,
				489FDE481EFD6F7700686431 /* OnTheMapTests */,
				489FDE531EFD6F7700686431 /* OnTheMapUITests */,
			);
		};
/* End PBXProject section */

/* Begin PBXResourcesBuildPhase section */
		489FDE311EFD6F7700686431 /* Resources */ = {
			isa = PBXResourcesBuildPhase;
			buildActionMask = 2147483647;
			files = (
				489FDE431EFD6F7700686431 /* LaunchScreen.storyboard in Resources */,
				489FDE401EFD6F7700686431 /* Assets.xcassets in Resources */,
				489FDE3E1EFD6F7700686431 /* Main.storyboard in Resources */,
			);
			runOnlyForDeploymentPostprocessing = 0;
		};
		489FDE471EFD6F7700686431 /* Resources */ = {
			isa = PBXResourcesBuildPhase;
			buildActionMask = 2147483647;
			files = (
			);
			runOnlyForDeploymentPostprocessing = 0;
		};
		489FDE521EFD6F7700686431 /* Resources */ = {
			isa = PBXResourcesBuildPhase;
			buildActionMask = 2147483647;
			files = (
			);
			runOnlyForDeploymentPostprocessing = 0;
		};
/* End PBXResourcesBuildPhase section */

/* Begin PBXSourcesBuildPhase section */
		489FDE2F1EFD6F7700686431 /* Sources */ = {
			isa = PBXSourcesBuildPhase;
			buildActionMask = 2147483647;
			files = (
				489FDE761EFFFDFA00686431 /* OnTheMap.swift in Sources */,
				489FDE7C1F02ADBC00686431 /* StudentLocation.swift in Sources */,
				489FDE731EFFD16500686431 /* GCDBlackBox.swift in Sources */,
				489FDE6F1EFEB86600686431 /* OnTheMapClient.swift in Sources */,
				489FDE7A1F016E3C00686431 /* TabBarController.swift in Sources */,
				488160E81F0B5CCE005E32EA /* AddLocationViewController.swift in Sources */,
				489FDE681EFD7A1800686431 /* LoginViewController.swift in Sources */,
				489FDE3B1EFD6F7700686431 /* ListViewController.swift in Sources */,
				48613B691F0FEAF1004C717B /* User.swift in Sources */,
				489FDE781F003D2A00686431 /* OnTheMapClientExtension.swift in Sources */,
				489FDE371EFD6F7700686431 /* AppDelegate.swift in Sources */,
				48613B671F0C95FE004C717B /* MapStudentLocationViewController.swift in Sources */,
				489FDE811F07AF8500686431 /* Resource.swift in Sources */,
				489FDE391EFD6F7700686431 /* MapViewController.swift in Sources */,
				489FDE711EFEB90800686431 /* OnTheMapConstants.swift in Sources */,
			);
			runOnlyForDeploymentPostprocessing = 0;
		};
		489FDE451EFD6F7700686431 /* Sources */ = {
			isa = PBXSourcesBuildPhase;
			buildActionMask = 2147483647;
			files = (
				489FDE4E1EFD6F7700686431 /* OnTheMapTests.swift in Sources */,
			);
			runOnlyForDeploymentPostprocessing = 0;
		};
		489FDE501EFD6F7700686431 /* Sources */ = {
			isa = PBXSourcesBuildPhase;
			buildActionMask = 2147483647;
			files = (
				489FDE591EFD6F7700686431 /* OnTheMapUITests.swift in Sources */,
			);
			runOnlyForDeploymentPostprocessing = 0;
		};
/* End PBXSourcesBuildPhase section */

/* Begin PBXTargetDependency section */
		489FDE4B1EFD6F7700686431 /* PBXTargetDependency */ = {
			isa = PBXTargetDependency;
			target = 489FDE321EFD6F7700686431 /* OnTheMap */;
			targetProxy = 489FDE4A1EFD6F7700686431 /* PBXContainerItemProxy */;
		};
		489FDE561EFD6F7700686431 /* PBXTargetDependency */ = {
			isa = PBXTargetDependency;
			target = 489FDE321EFD6F7700686431 /* OnTheMap */;
			targetProxy = 489FDE551EFD6F7700686431 /* PBXContainerItemProxy */;
		};
/* End PBXTargetDependency section */

/* Begin PBXVariantGroup section */
		489FDE3C1EFD6F7700686431 /* Main.storyboard */ = {
			isa = PBXVariantGroup;
			children = (
				489FDE3D1EFD6F7700686431 /* Base */,
			);
			name = Main.storyboard;
			sourceTree = "<group>";
		};
		489FDE411EFD6F7700686431 /* LaunchScreen.storyboard */ = {
			isa = PBXVariantGroup;
			children = (
				489FDE421EFD6F7700686431 /* Base */,
			);
			name = LaunchScreen.storyboard;
			sourceTree = "<group>";
		};
/* End PBXVariantGroup section */

/* Begin XCBuildConfiguration section */
		489FDE5B1EFD6F7700686431 /* Debug */ = {
			isa = XCBuildConfiguration;
			buildSettings = {
				ALWAYS_SEARCH_USER_PATHS = NO;
				CLANG_ANALYZER_NONNULL = YES;
				CLANG_ANALYZER_NUMBER_OBJECT_CONVERSION = YES_AGGRESSIVE;
				CLANG_CXX_LANGUAGE_STANDARD = "gnu++0x";
				CLANG_CXX_LIBRARY = "libc++";
				CLANG_ENABLE_MODULES = YES;
				CLANG_ENABLE_OBJC_ARC = YES;
				CLANG_WARN_BOOL_CONVERSION = YES;
				CLANG_WARN_CONSTANT_CONVERSION = YES;
				CLANG_WARN_DIRECT_OBJC_ISA_USAGE = YES_ERROR;
				CLANG_WARN_DOCUMENTATION_COMMENTS = YES;
				CLANG_WARN_EMPTY_BODY = YES;
				CLANG_WARN_ENUM_CONVERSION = YES;
				CLANG_WARN_INFINITE_RECURSION = YES;
				CLANG_WARN_INT_CONVERSION = YES;
				CLANG_WARN_OBJC_ROOT_CLASS = YES_ERROR;
				CLANG_WARN_SUSPICIOUS_MOVE = YES;
				CLANG_WARN_UNREACHABLE_CODE = YES;
				CLANG_WARN__DUPLICATE_METHOD_MATCH = YES;
				"CODE_SIGN_IDENTITY[sdk=iphoneos*]" = "iPhone Developer";
				COPY_PHASE_STRIP = NO;
				DEBUG_INFORMATION_FORMAT = dwarf;
				ENABLE_STRICT_OBJC_MSGSEND = YES;
				ENABLE_TESTABILITY = YES;
				GCC_C_LANGUAGE_STANDARD = gnu99;
				GCC_DYNAMIC_NO_PIC = NO;
				GCC_NO_COMMON_BLOCKS = YES;
				GCC_OPTIMIZATION_LEVEL = 0;
				GCC_PREPROCESSOR_DEFINITIONS = (
					"DEBUG=1",
					"$(inherited)",
				);
				GCC_WARN_64_TO_32_BIT_CONVERSION = YES;
				GCC_WARN_ABOUT_RETURN_TYPE = YES_ERROR;
				GCC_WARN_UNDECLARED_SELECTOR = YES;
				GCC_WARN_UNINITIALIZED_AUTOS = YES_AGGRESSIVE;
				GCC_WARN_UNUSED_FUNCTION = YES;
				GCC_WARN_UNUSED_VARIABLE = YES;
				IPHONEOS_DEPLOYMENT_TARGET = 10.3;
				MTL_ENABLE_DEBUG_INFO = YES;
				ONLY_ACTIVE_ARCH = YES;
				SDKROOT = iphoneos;
				SWIFT_ACTIVE_COMPILATION_CONDITIONS = DEBUG;
				SWIFT_OPTIMIZATION_LEVEL = "-Onone";
				TARGETED_DEVICE_FAMILY = "1,2";
			};
			name = Debug;
		};
		489FDE5C1EFD6F7700686431 /* Release */ = {
			isa = XCBuildConfiguration;
			buildSettings = {
				ALWAYS_SEARCH_USER_PATHS = NO;
				CLANG_ANALYZER_NONNULL = YES;
				CLANG_ANALYZER_NUMBER_OBJECT_CONVERSION = YES_AGGRESSIVE;
				CLANG_CXX_LANGUAGE_STANDARD = "gnu++0x";
				CLANG_CXX_LIBRARY = "libc++";
				CLANG_ENABLE_MODULES = YES;
				CLANG_ENABLE_OBJC_ARC = YES;
				CLANG_WARN_BOOL_CONVERSION = YES;
				CLANG_WARN_CONSTANT_CONVERSION = YES;
				CLANG_WARN_DIRECT_OBJC_ISA_USAGE = YES_ERROR;
				CLANG_WARN_DOCUMENTATION_COMMENTS = YES;
				CLANG_WARN_EMPTY_BODY = YES;
				CLANG_WARN_ENUM_CONVERSION = YES;
				CLANG_WARN_INFINITE_RECURSION = YES;
				CLANG_WARN_INT_CONVERSION = YES;
				CLANG_WARN_OBJC_ROOT_CLASS = YES_ERROR;
				CLANG_WARN_SUSPICIOUS_MOVE = YES;
				CLANG_WARN_UNREACHABLE_CODE = YES;
				CLANG_WARN__DUPLICATE_METHOD_MATCH = YES;
				"CODE_SIGN_IDENTITY[sdk=iphoneos*]" = "iPhone Developer";
				COPY_PHASE_STRIP = NO;
				DEBUG_INFORMATION_FORMAT = "dwarf-with-dsym";
				ENABLE_NS_ASSERTIONS = NO;
				ENABLE_STRICT_OBJC_MSGSEND = YES;
				GCC_C_LANGUAGE_STANDARD = gnu99;
				GCC_NO_COMMON_BLOCKS = YES;
				GCC_WARN_64_TO_32_BIT_CONVERSION = YES;
				GCC_WARN_ABOUT_RETURN_TYPE = YES_ERROR;
				GCC_WARN_UNDECLARED_SELECTOR = YES;
				GCC_WARN_UNINITIALIZED_AUTOS = YES_AGGRESSIVE;
				GCC_WARN_UNUSED_FUNCTION = YES;
				GCC_WARN_UNUSED_VARIABLE = YES;
				IPHONEOS_DEPLOYMENT_TARGET = 10.3;
				MTL_ENABLE_DEBUG_INFO = NO;
				SDKROOT = iphoneos;
				SWIFT_OPTIMIZATION_LEVEL = "-Owholemodule";
				TARGETED_DEVICE_FAMILY = "1,2";
				VALIDATE_PRODUCT = YES;
			};
			name = Release;
		};
		489FDE5E1EFD6F7700686431 /* Debug */ = {
			isa = XCBuildConfiguration;
			buildSettings = {
				ASSETCATALOG_COMPILER_APPICON_NAME = AppIcon;
				DEVELOPMENT_TEAM = 4XL3CX888E;
				INFOPLIST_FILE = OnTheMap/Info.plist;
				LD_RUNPATH_SEARCH_PATHS = "$(inherited) @executable_path/Frameworks";
				PRODUCT_BUNDLE_IDENTIFIER = com.sujay.OnTheMap;
				PRODUCT_NAME = "$(TARGET_NAME)";
				SWIFT_VERSION = 3.0;
			};
			name = Debug;
		};
		489FDE5F1EFD6F7700686431 /* Release */ = {
			isa = XCBuildConfiguration;
			buildSettings = {
				ASSETCATALOG_COMPILER_APPICON_NAME = AppIcon;
				DEVELOPMENT_TEAM = 4XL3CX888E;
				INFOPLIST_FILE = OnTheMap/Info.plist;
				LD_RUNPATH_SEARCH_PATHS = "$(inherited) @executable_path/Frameworks";
				PRODUCT_BUNDLE_IDENTIFIER = com.sujay.OnTheMap;
				PRODUCT_NAME = "$(TARGET_NAME)";
				SWIFT_VERSION = 3.0;
			};
			name = Release;
		};
		489FDE611EFD6F7700686431 /* Debug */ = {
			isa = XCBuildConfiguration;
			buildSettings = {
				ALWAYS_EMBED_SWIFT_STANDARD_LIBRARIES = YES;
				BUNDLE_LOADER = "$(TEST_HOST)";
				DEVELOPMENT_TEAM = 4XL3CX888E;
				INFOPLIST_FILE = OnTheMapTests/Info.plist;
				LD_RUNPATH_SEARCH_PATHS = "$(inherited) @executable_path/Frameworks @loader_path/Frameworks";
				PRODUCT_BUNDLE_IDENTIFIER = com.sujay.OnTheMapTests;
				PRODUCT_NAME = "$(TARGET_NAME)";
				SWIFT_VERSION = 3.0;
				TEST_HOST = "$(BUILT_PRODUCTS_DIR)/OnTheMap.app/OnTheMap";
			};
			name = Debug;
		};
		489FDE621EFD6F7700686431 /* Release */ = {
			isa = XCBuildConfiguration;
			buildSettings = {
				ALWAYS_EMBED_SWIFT_STANDARD_LIBRARIES = YES;
				BUNDLE_LOADER = "$(TEST_HOST)";
				DEVELOPMENT_TEAM = 4XL3CX888E;
				INFOPLIST_FILE = OnTheMapTests/Info.plist;
				LD_RUNPATH_SEARCH_PATHS = "$(inherited) @executable_path/Frameworks @loader_path/Frameworks";
				PRODUCT_BUNDLE_IDENTIFIER = com.sujay.OnTheMapTests;
				PRODUCT_NAME = "$(TARGET_NAME)";
				SWIFT_VERSION = 3.0;
				TEST_HOST = "$(BUILT_PRODUCTS_DIR)/OnTheMap.app/OnTheMap";
			};
			name = Release;
		};
		489FDE641EFD6F7700686431 /* Debug */ = {
			isa = XCBuildConfiguration;
			buildSettings = {
				ALWAYS_EMBED_SWIFT_STANDARD_LIBRARIES = YES;
				DEVELOPMENT_TEAM = 4XL3CX888E;
				INFOPLIST_FILE = OnTheMapUITests/Info.plist;
				LD_RUNPATH_SEARCH_PATHS = "$(inherited) @executable_path/Frameworks @loader_path/Frameworks";
				PRODUCT_BUNDLE_IDENTIFIER = com.sujay.OnTheMapUITests;
				PRODUCT_NAME = "$(TARGET_NAME)";
				SWIFT_VERSION = 3.0;
				TEST_TARGET_NAME = OnTheMap;
			};
			name = Debug;
		};
		489FDE651EFD6F7700686431 /* Release */ = {
			isa = XCBuildConfiguration;
			buildSettings = {
				ALWAYS_EMBED_SWIFT_STANDARD_LIBRARIES = YES;
				DEVELOPMENT_TEAM = 4XL3CX888E;
				INFOPLIST_FILE = OnTheMapUITests/Info.plist;
				LD_RUNPATH_SEARCH_PATHS = "$(inherited) @executable_path/Frameworks @loader_path/Frameworks";
				PRODUCT_BUNDLE_IDENTIFIER = com.sujay.OnTheMapUITests;
				PRODUCT_NAME = "$(TARGET_NAME)";
				SWIFT_VERSION = 3.0;
				TEST_TARGET_NAME = OnTheMap;
			};
			name = Release;
		};
/* End XCBuildConfiguration section */

/* Begin XCConfigurationList section */
		489FDE2E1EFD6F7700686431 /* Build configuration list for PBXProject "OnTheMap" */ = {
			isa = XCConfigurationList;
			buildConfigurations = (
				489FDE5B1EFD6F7700686431 /* Debug */,
				489FDE5C1EFD6F7700686431 /* Release */,
			);
			defaultConfigurationIsVisible = 0;
			defaultConfigurationName = Release;
		};
		489FDE5D1EFD6F7700686431 /* Build configuration list for PBXNativeTarget "OnTheMap" */ = {
			isa = XCConfigurationList;
			buildConfigurations = (
				489FDE5E1EFD6F7700686431 /* Debug */,
				489FDE5F1EFD6F7700686431 /* Release */,
			);
			defaultConfigurationIsVisible = 0;
			defaultConfigurationName = Release;
		};
		489FDE601EFD6F7700686431 /* Build configuration list for PBXNativeTarget "OnTheMapTests" */ = {
			isa = XCConfigurationList;
			buildConfigurations = (
				489FDE611EFD6F7700686431 /* Debug */,
				489FDE621EFD6F7700686431 /* Release */,
			);
			defaultConfigurationIsVisible = 0;
			defaultConfigurationName = Release;
		};
		489FDE631EFD6F7700686431 /* Build configuration list for PBXNativeTarget "OnTheMapUITests" */ = {
			isa = XCConfigurationList;
			buildConfigurations = (
				489FDE641EFD6F7700686431 /* Debug */,
				489FDE651EFD6F7700686431 /* Release */,
			);
			defaultConfigurationIsVisible = 0;
			defaultConfigurationName = Release;
		};
/* End XCConfigurationList section */
	};
	rootObject = 489FDE2B1EFD6F7700686431 /* Project object */;
}
